
Microsoft Visual Studio Solution File, Format Version 12.00
# Visual Studio 15
VisualStudioVersion = 15.0.27130.2027
MinimumVisualStudioVersion = 10.0.40219.1
Project("{FAE04EC0-301F-11D3-BF4B-00C04F79EFBC}") = "optzadacha3v2", "optzadacha3v2\optzadacha3v2.csproj", "{3BBE9A09-9864-4B6A-B20F-6E48AF986918}"
EndProject
Global
	GlobalSection(SolutionConfigurationPlatforms) = preSolution
		Debug|Any CPU = Debug|Any CPU
		Release|Any CPU = Release|Any CPU
	EndGlobalSection
	GlobalSection(ProjectConfigurationPlatforms) = postSolution
		{3BBE9A09-9864-4B6A-B20F-6E48AF986918}.Debug|Any CPU.ActiveCfg = Debug|Any CPU
		{3BBE9A09-9864-4B6A-B20F-6E48AF986918}.Debug|Any CPU.Build.0 = Debug|Any CPU
		{3BBE9A09-9864-4B6A-B20F-6E48AF986918}.Release|Any CPU.ActiveCfg = Release|Any CPU
		{3BBE9A09-9864-4B6A-B20F-6E48AF986918}.Release|Any CPU.Build.0 = Release|Any CPU
	EndGlobalSection
	GlobalSection(SolutionProperties) = preSolution
		HideSolutionNode = FALSE
	EndGlobalSection
	GlobalSection(ExtensibilityGlobals) = postSolution
		SolutionGuid = {A78C7C70-C471-4DA5-95AA-10C0F1B44258}
	EndGlobalSection
EndGlobal
